// !$*UTF8*$!
{
	archiveVersion = 1;
	classes = {
	};
	objectVersion = 56;
	objects = {

/* Begin PBXBuildFile section */
		E528B110298E104700ADADD7 /* CryptoApp.swift in Sources */ = {isa = PBXBuildFile; fileRef = E528B10F298E104700ADADD7 /* CryptoApp.swift */; };
		E528B114298E104A00ADADD7 /* Assets.xcassets in Resources */ = {isa = PBXBuildFile; fileRef = E528B113298E104A00ADADD7 /* Assets.xcassets */; };
		E528B117298E104A00ADADD7 /* Preview Assets.xcassets in Resources */ = {isa = PBXBuildFile; fileRef = E528B116298E104A00ADADD7 /* Preview Assets.xcassets */; };
		E528B11F298E154E00ADADD7 /* Color.swift in Sources */ = {isa = PBXBuildFile; fileRef = E528B11E298E154E00ADADD7 /* Color.swift */; };
		E528B125298E4DC500ADADD7 /* HomeView.swift in Sources */ = {isa = PBXBuildFile; fileRef = E528B124298E4DC500ADADD7 /* HomeView.swift */; };
		E528B129298E4EF900ADADD7 /* CircleButtonView.swift in Sources */ = {isa = PBXBuildFile; fileRef = E528B128298E4EF900ADADD7 /* CircleButtonView.swift */; };
		E528B12B298E61D200ADADD7 /* CircleButtonAnimationView.swift in Sources */ = {isa = PBXBuildFile; fileRef = E528B12A298E61D200ADADD7 /* CircleButtonAnimationView.swift */; };
		E528B12E298E684400ADADD7 /* CoinModel.swift in Sources */ = {isa = PBXBuildFile; fileRef = E528B12D298E684400ADADD7 /* CoinModel.swift */; };
		E528B130298F118000ADADD7 /* CoinRowView.swift in Sources */ = {isa = PBXBuildFile; fileRef = E528B12F298F118000ADADD7 /* CoinRowView.swift */; };
		E528B132298F11FE00ADADD7 /* PreviewProvider.swift in Sources */ = {isa = PBXBuildFile; fileRef = E528B131298F11FE00ADADD7 /* PreviewProvider.swift */; };
		E528B134298F145F00ADADD7 /* Double.swift in Sources */ = {isa = PBXBuildFile; fileRef = E528B133298F145F00ADADD7 /* Double.swift */; };
		E528B136298F266300ADADD7 /* HomeViewModel.swift in Sources */ = {isa = PBXBuildFile; fileRef = E528B135298F266300ADADD7 /* HomeViewModel.swift */; };
		E528B139298F2C2000ADADD7 /* CoinDataService.swift in Sources */ = {isa = PBXBuildFile; fileRef = E528B138298F2C2000ADADD7 /* CoinDataService.swift */; };
		E528B13C298F367F00ADADD7 /* NetworkingManager.swift in Sources */ = {isa = PBXBuildFile; fileRef = E528B13B298F367F00ADADD7 /* NetworkingManager.swift */; };
		E528B13F298F497600ADADD7 /* CoinImageView.swift in Sources */ = {isa = PBXBuildFile; fileRef = E528B13E298F497600ADADD7 /* CoinImageView.swift */; };
		E528B141298F4ACB00ADADD7 /* CoinImageService.swift in Sources */ = {isa = PBXBuildFile; fileRef = E528B140298F4ACB00ADADD7 /* CoinImageService.swift */; };
		E528B143298F4C2D00ADADD7 /* CoinImageViewModel.swift in Sources */ = {isa = PBXBuildFile; fileRef = E528B142298F4C2D00ADADD7 /* CoinImageViewModel.swift */; };
		E528B145298F68CB00ADADD7 /* LocalFileManager.swift in Sources */ = {isa = PBXBuildFile; fileRef = E528B144298F68CB00ADADD7 /* LocalFileManager.swift */; };
		E528B147298F80B000ADADD7 /* SearchBarView.swift in Sources */ = {isa = PBXBuildFile; fileRef = E528B146298F80B000ADADD7 /* SearchBarView.swift */; };
		E528B149298F858300ADADD7 /* UIApplication.swift in Sources */ = {isa = PBXBuildFile; fileRef = E528B148298F858300ADADD7 /* UIApplication.swift */; };
		E53C1422299079840022E2B1 /* StatisticModel.swift in Sources */ = {isa = PBXBuildFile; fileRef = E53C1421299079840022E2B1 /* StatisticModel.swift */; };
		E53C142429907AE00022E2B1 /* StatisticsView.swift in Sources */ = {isa = PBXBuildFile; fileRef = E53C142329907AE00022E2B1 /* StatisticsView.swift */; };
		E53C1426299085E70022E2B1 /* HomeStatsView.swift in Sources */ = {isa = PBXBuildFile; fileRef = E53C1425299085E70022E2B1 /* HomeStatsView.swift */; };
		E53C14282990C2640022E2B1 /* MarketDataModel.swift in Sources */ = {isa = PBXBuildFile; fileRef = E53C14272990C2640022E2B1 /* MarketDataModel.swift */; };
		E53C142A2990C6EA0022E2B1 /* MarketDataService.swift in Sources */ = {isa = PBXBuildFile; fileRef = E53C14292990C6EA0022E2B1 /* MarketDataService.swift */; };
		E595462029936105002DC307 /* ChartView.swift in Sources */ = {isa = PBXBuildFile; fileRef = E595461F29936105002DC307 /* ChartView.swift */; };
		E59546222993798D002DC307 /* Date.swift in Sources */ = {isa = PBXBuildFile; fileRef = E59546212993798D002DC307 /* Date.swift */; };
		E59546242994263F002DC307 /* String.swift in Sources */ = {isa = PBXBuildFile; fileRef = E59546232994263F002DC307 /* String.swift */; };
		E595462729942CD0002DC307 /* SettingsView.swift in Sources */ = {isa = PBXBuildFile; fileRef = E595462629942CD0002DC307 /* SettingsView.swift */; };
		E595462A299441B0002DC307 /* LaunchScreen.storyboard in Resources */ = {isa = PBXBuildFile; fileRef = E5954629299441B0002DC307 /* LaunchScreen.storyboard */; };
		E5BC7F052992EA39001E8308 /* HapticManager.swift in Sources */ = {isa = PBXBuildFile; fileRef = E5BC7F042992EA39001E8308 /* HapticManager.swift */; };
		E5BC7F0A2992F679001E8308 /* DetailView.swift in Sources */ = {isa = PBXBuildFile; fileRef = E5BC7F092992F679001E8308 /* DetailView.swift */; };
		E5BC7F0C29930555001E8308 /* CoinDetailModel.swift in Sources */ = {isa = PBXBuildFile; fileRef = E5BC7F0B29930555001E8308 /* CoinDetailModel.swift */; };
		E5BC7F0E299307AD001E8308 /* DetailViewModel.swift in Sources */ = {isa = PBXBuildFile; fileRef = E5BC7F0D299307AD001E8308 /* DetailViewModel.swift */; };
		E5BC7F10299307F0001E8308 /* CoinDetailDataService.swift in Sources */ = {isa = PBXBuildFile; fileRef = E5BC7F0F299307F0001E8308 /* CoinDetailDataService.swift */; };
		E5C28EC529919352003D0008 /* PortfolioView.swift in Sources */ = {isa = PBXBuildFile; fileRef = E5C28EC429919352003D0008 /* PortfolioView.swift */; };
		E5C28EC92991A9A3003D0008 /* CoinLogoView.swift in Sources */ = {isa = PBXBuildFile; fileRef = E5C28EC82991A9A3003D0008 /* CoinLogoView.swift */; };
		E5C28ECC2991D577003D0008 /* PortfolioContainer.xcdatamodeld in Sources */ = {isa = PBXBuildFile; fileRef = E5C28ECA2991D577003D0008 /* PortfolioContainer.xcdatamodeld */; };
		E5C28ECE2991D5EE003D0008 /* PortfolioDataService.swift in Sources */ = {isa = PBXBuildFile; fileRef = E5C28ECD2991D5EE003D0008 /* PortfolioDataService.swift */; };
/* End PBXBuildFile section */

/* Begin PBXFileReference section */
		E528B10C298E104700ADADD7 /* Crypto.app */ = {isa = PBXFileReference; explicitFileType = wrapper.application; includeInIndex = 0; path = Crypto.app; sourceTree = BUILT_PRODUCTS_DIR; };
		E528B10F298E104700ADADD7 /* CryptoApp.swift */ = {isa = PBXFileReference; lastKnownFileType = sourcecode.swift; path = CryptoApp.swift; sourceTree = "<group>"; };
		E528B113298E104A00ADADD7 /* Assets.xcassets */ = {isa = PBXFileReference; lastKnownFileType = folder.assetcatalog; path = Assets.xcassets; sourceTree = "<group>"; };
		E528B116298E104A00ADADD7 /* Preview Assets.xcassets */ = {isa = PBXFileReference; lastKnownFileType = folder.assetcatalog; path = "Preview Assets.xcassets"; sourceTree = "<group>"; };
		E528B11E298E154E00ADADD7 /* Color.swift */ = {isa = PBXFileReference; lastKnownFileType = sourcecode.swift; path = Color.swift; sourceTree = "<group>"; };
		E528B124298E4DC500ADADD7 /* HomeView.swift */ = {isa = PBXFileReference; lastKnownFileType = sourcecode.swift; path = HomeView.swift; sourceTree = "<group>"; };
		E528B128298E4EF900ADADD7 /* CircleButtonView.swift */ = {isa = PBXFileReference; lastKnownFileType = sourcecode.swift; path = CircleButtonView.swift; sourceTree = "<group>"; };
		E528B12A298E61D200ADADD7 /* CircleButtonAnimationView.swift */ = {isa = PBXFileReference; lastKnownFileType = sourcecode.swift; path = CircleButtonAnimationView.swift; sourceTree = "<group>"; };
		E528B12D298E684400ADADD7 /* CoinModel.swift */ = {isa = PBXFileReference; lastKnownFileType = sourcecode.swift; path = CoinModel.swift; sourceTree = "<group>"; };
		E528B12F298F118000ADADD7 /* CoinRowView.swift */ = {isa = PBXFileReference; lastKnownFileType = sourcecode.swift; path = CoinRowView.swift; sourceTree = "<group>"; };
		E528B131298F11FE00ADADD7 /* PreviewProvider.swift */ = {isa = PBXFileReference; lastKnownFileType = sourcecode.swift; path = PreviewProvider.swift; sourceTree = "<group>"; };
		E528B133298F145F00ADADD7 /* Double.swift */ = {isa = PBXFileReference; lastKnownFileType = sourcecode.swift; path = Double.swift; sourceTree = "<group>"; };
		E528B135298F266300ADADD7 /* HomeViewModel.swift */ = {isa = PBXFileReference; lastKnownFileType = sourcecode.swift; path = HomeViewModel.swift; sourceTree = "<group>"; };
		E528B138298F2C2000ADADD7 /* CoinDataService.swift */ = {isa = PBXFileReference; lastKnownFileType = sourcecode.swift; path = CoinDataService.swift; sourceTree = "<group>"; };
		E528B13B298F367F00ADADD7 /* NetworkingManager.swift */ = {isa = PBXFileReference; lastKnownFileType = sourcecode.swift; path = NetworkingManager.swift; sourceTree = "<group>"; };
		E528B13E298F497600ADADD7 /* CoinImageView.swift */ = {isa = PBXFileReference; lastKnownFileType = sourcecode.swift; path = CoinImageView.swift; sourceTree = "<group>"; };
		E528B140298F4ACB00ADADD7 /* CoinImageService.swift */ = {isa = PBXFileReference; lastKnownFileType = sourcecode.swift; path = CoinImageService.swift; sourceTree = "<group>"; };
		E528B142298F4C2D00ADADD7 /* CoinImageViewModel.swift */ = {isa = PBXFileReference; lastKnownFileType = sourcecode.swift; path = CoinImageViewModel.swift; sourceTree = "<group>"; };
		E528B144298F68CB00ADADD7 /* LocalFileManager.swift */ = {isa = PBXFileReference; lastKnownFileType = sourcecode.swift; path = LocalFileManager.swift; sourceTree = "<group>"; };
		E528B146298F80B000ADADD7 /* SearchBarView.swift */ = {isa = PBXFileReference; lastKnownFileType = sourcecode.swift; path = SearchBarView.swift; sourceTree = "<group>"; };
		E528B148298F858300ADADD7 /* UIApplication.swift */ = {isa = PBXFileReference; lastKnownFileType = sourcecode.swift; path = UIApplication.swift; sourceTree = "<group>"; };
		E53C1421299079840022E2B1 /* StatisticModel.swift */ = {isa = PBXFileReference; lastKnownFileType = sourcecode.swift; path = StatisticModel.swift; sourceTree = "<group>"; };
		E53C142329907AE00022E2B1 /* StatisticsView.swift */ = {isa = PBXFileReference; lastKnownFileType = sourcecode.swift; path = StatisticsView.swift; sourceTree = "<group>"; };
		E53C1425299085E70022E2B1 /* HomeStatsView.swift */ = {isa = PBXFileReference; lastKnownFileType = sourcecode.swift; path = HomeStatsView.swift; sourceTree = "<group>"; };
		E53C14272990C2640022E2B1 /* MarketDataModel.swift */ = {isa = PBXFileReference; lastKnownFileType = sourcecode.swift; path = MarketDataModel.swift; sourceTree = "<group>"; };
		E53C14292990C6EA0022E2B1 /* MarketDataService.swift */ = {isa = PBXFileReference; lastKnownFileType = sourcecode.swift; path = MarketDataService.swift; sourceTree = "<group>"; };
		E595461F29936105002DC307 /* ChartView.swift */ = {isa = PBXFileReference; lastKnownFileType = sourcecode.swift; path = ChartView.swift; sourceTree = "<group>"; };
		E59546212993798D002DC307 /* Date.swift */ = {isa = PBXFileReference; lastKnownFileType = sourcecode.swift; path = Date.swift; sourceTree = "<group>"; };
		E59546232994263F002DC307 /* String.swift */ = {isa = PBXFileReference; lastKnownFileType = sourcecode.swift; path = String.swift; sourceTree = "<group>"; };
		E595462629942CD0002DC307 /* SettingsView.swift */ = {isa = PBXFileReference; lastKnownFileType = sourcecode.swift; path = SettingsView.swift; sourceTree = "<group>"; };
		E5954629299441B0002DC307 /* LaunchScreen.storyboard */ = {isa = PBXFileReference; lastKnownFileType = file.storyboard; path = LaunchScreen.storyboard; sourceTree = "<group>"; };
		E5BC7F042992EA39001E8308 /* HapticManager.swift */ = {isa = PBXFileReference; lastKnownFileType = sourcecode.swift; path = HapticManager.swift; sourceTree = "<group>"; };
		E5BC7F092992F679001E8308 /* DetailView.swift */ = {isa = PBXFileReference; lastKnownFileType = sourcecode.swift; path = DetailView.swift; sourceTree = "<group>"; };
		E5BC7F0B29930555001E8308 /* CoinDetailModel.swift */ = {isa = PBXFileReference; lastKnownFileType = sourcecode.swift; path = CoinDetailModel.swift; sourceTree = "<group>"; };
		E5BC7F0D299307AD001E8308 /* DetailViewModel.swift */ = {isa = PBXFileReference; lastKnownFileType = sourcecode.swift; path = DetailViewModel.swift; sourceTree = "<group>"; };
		E5BC7F0F299307F0001E8308 /* CoinDetailDataService.swift */ = {isa = PBXFileReference; lastKnownFileType = sourcecode.swift; path = CoinDetailDataService.swift; sourceTree = "<group>"; };
		E5C28EC429919352003D0008 /* PortfolioView.swift */ = {isa = PBXFileReference; lastKnownFileType = sourcecode.swift; path = PortfolioView.swift; sourceTree = "<group>"; };
		E5C28EC82991A9A3003D0008 /* CoinLogoView.swift */ = {isa = PBXFileReference; lastKnownFileType = sourcecode.swift; path = CoinLogoView.swift; sourceTree = "<group>"; };
		E5C28ECB2991D577003D0008 /* PortfolioContainer.xcdatamodel */ = {isa = PBXFileReference; lastKnownFileType = wrapper.xcdatamodel; path = PortfolioContainer.xcdatamodel; sourceTree = "<group>"; };
		E5C28ECD2991D5EE003D0008 /* PortfolioDataService.swift */ = {isa = PBXFileReference; lastKnownFileType = sourcecode.swift; path = PortfolioDataService.swift; sourceTree = "<group>"; };
/* End PBXFileReference section */

/* Begin PBXFrameworksBuildPhase section */
		E528B109298E104700ADADD7 /* Frameworks */ = {
			isa = PBXFrameworksBuildPhase;
			buildActionMask = 2147483647;
			files = (
			);
			runOnlyForDeploymentPostprocessing = 0;
		};
/* End PBXFrameworksBuildPhase section */

/* Begin PBXGroup section */
		E528B103298E104700ADADD7 = {
			isa = PBXGroup;
			children = (
				E528B10E298E104700ADADD7 /* Crypto */,
				E528B10D298E104700ADADD7 /* Products */,
			);
			sourceTree = "<group>";
		};
		E528B10D298E104700ADADD7 /* Products */ = {
			isa = PBXGroup;
			children = (
				E528B10C298E104700ADADD7 /* Crypto.app */,
			);
			name = Products;
			sourceTree = "<group>";
		};
		E528B10E298E104700ADADD7 /* Crypto */ = {
			isa = PBXGroup;
			children = (
				E528B10F298E104700ADADD7 /* CryptoApp.swift */,
				E528B13A298F366000ADADD7 /* Utilities */,
				E528B11D298E153400ADADD7 /* Extensions */,
				E528B137298F2C0500ADADD7 /* Services */,
				E528B12C298E681900ADADD7 /* Models */,
				E528B120298E4D8900ADADD7 /* Core */,
				E528B113298E104A00ADADD7 /* Assets.xcassets */,
				E528B115298E104A00ADADD7 /* Preview Content */,
			);
			path = Crypto;
			sourceTree = "<group>";
		};
		E528B115298E104A00ADADD7 /* Preview Content */ = {
			isa = PBXGroup;
			children = (
				E528B116298E104A00ADADD7 /* Preview Assets.xcassets */,
			);
			path = "Preview Content";
			sourceTree = "<group>";
		};
		E528B11D298E153400ADADD7 /* Extensions */ = {
			isa = PBXGroup;
			children = (
				E528B11E298E154E00ADADD7 /* Color.swift */,
				E528B131298F11FE00ADADD7 /* PreviewProvider.swift */,
				E528B133298F145F00ADADD7 /* Double.swift */,
				E528B148298F858300ADADD7 /* UIApplication.swift */,
				E59546212993798D002DC307 /* Date.swift */,
				E59546232994263F002DC307 /* String.swift */,
			);
			path = Extensions;
			sourceTree = "<group>";
		};
		E528B120298E4D8900ADADD7 /* Core */ = {
			isa = PBXGroup;
			children = (
				E595462829944194002DC307 /* Launch */,
				E595462529942CB7002DC307 /* Settings */,
				E528B126298E4ECA00ADADD7 /* Componenets */,
				E528B121298E4DA100ADADD7 /* Home */,
				E5BC7F062992F522001E8308 /* Detail */,
			);
			path = Core;
			sourceTree = "<group>";
		};
		E528B121298E4DA100ADADD7 /* Home */ = {
			isa = PBXGroup;
			children = (
				E528B123298E4DB600ADADD7 /* ViewModels */,
				E528B122298E4DAD00ADADD7 /* Views */,
			);
			path = Home;
			sourceTree = "<group>";
		};
		E528B122298E4DAD00ADADD7 /* Views */ = {
			isa = PBXGroup;
			children = (
				E528B124298E4DC500ADADD7 /* HomeView.swift */,
				E528B12F298F118000ADADD7 /* CoinRowView.swift */,
				E53C1425299085E70022E2B1 /* HomeStatsView.swift */,
				E5C28EC429919352003D0008 /* PortfolioView.swift */,
			);
			path = Views;
			sourceTree = "<group>";
		};
		E528B123298E4DB600ADADD7 /* ViewModels */ = {
			isa = PBXGroup;
			children = (
				E528B135298F266300ADADD7 /* HomeViewModel.swift */,
			);
			path = ViewModels;
			sourceTree = "<group>";
		};
		E528B126298E4ECA00ADADD7 /* Componenets */ = {
			isa = PBXGroup;
			children = (
				E528B13D298F48FE00ADADD7 /* CoinImage */,
				E528B127298E4EE400ADADD7 /* CircleButton */,
				E528B146298F80B000ADADD7 /* SearchBarView.swift */,
				E53C142329907AE00022E2B1 /* StatisticsView.swift */,
			);
			path = Componenets;
			sourceTree = "<group>";
		};
		E528B127298E4EE400ADADD7 /* CircleButton */ = {
			isa = PBXGroup;
			children = (
				E528B128298E4EF900ADADD7 /* CircleButtonView.swift */,
				E528B12A298E61D200ADADD7 /* CircleButtonAnimationView.swift */,
			);
			path = CircleButton;
			sourceTree = "<group>";
		};
		E528B12C298E681900ADADD7 /* Models */ = {
			isa = PBXGroup;
			children = (
				E528B12D298E684400ADADD7 /* CoinModel.swift */,
				E5BC7F0B29930555001E8308 /* CoinDetailModel.swift */,
				E53C1421299079840022E2B1 /* StatisticModel.swift */,
				E53C14272990C2640022E2B1 /* MarketDataModel.swift */,
				E5C28ECA2991D577003D0008 /* PortfolioContainer.xcdatamodeld */,
			);
			path = Models;
			sourceTree = "<group>";
		};
		E528B137298F2C0500ADADD7 /* Services */ = {
			isa = PBXGroup;
			children = (
				E528B138298F2C2000ADADD7 /* CoinDataService.swift */,
				E5BC7F0F299307F0001E8308 /* CoinDetailDataService.swift */,
				E528B140298F4ACB00ADADD7 /* CoinImageService.swift */,
				E53C14292990C6EA0022E2B1 /* MarketDataService.swift */,
				E5C28ECD2991D5EE003D0008 /* PortfolioDataService.swift */,
			);
			path = Services;
			sourceTree = "<group>";
		};
		E528B13A298F366000ADADD7 /* Utilities */ = {
			isa = PBXGroup;
			children = (
				E528B13B298F367F00ADADD7 /* NetworkingManager.swift */,
				E528B144298F68CB00ADADD7 /* LocalFileManager.swift */,
				E5BC7F042992EA39001E8308 /* HapticManager.swift */,
			);
			path = Utilities;
			sourceTree = "<group>";
		};
		E528B13D298F48FE00ADADD7 /* CoinImage */ = {
			isa = PBXGroup;
			children = (
				E528B13E298F497600ADADD7 /* CoinImageView.swift */,
				E528B142298F4C2D00ADADD7 /* CoinImageViewModel.swift */,
				E5C28EC82991A9A3003D0008 /* CoinLogoView.swift */,
			);
			path = CoinImage;
			sourceTree = "<group>";
		};
		E595462529942CB7002DC307 /* Settings */ = {
			isa = PBXGroup;
			children = (
				E595462629942CD0002DC307 /* SettingsView.swift */,
			);
			path = Settings;
			sourceTree = "<group>";
		};
		E595462829944194002DC307 /* Launch */ = {
			isa = PBXGroup;
			children = (
				E5954629299441B0002DC307 /* LaunchScreen.storyboard */,
			);
			path = Launch;
			sourceTree = "<group>";
		};
		E5BC7F062992F522001E8308 /* Detail */ = {
			isa = PBXGroup;
			children = (
				E5BC7F072992F545001E8308 /* ViewModels */,
				E5BC7F082992F54F001E8308 /* Views */,
			);
			path = Detail;
			sourceTree = "<group>";
		};
		E5BC7F072992F545001E8308 /* ViewModels */ = {
			isa = PBXGroup;
			children = (
				E5BC7F0D299307AD001E8308 /* DetailViewModel.swift */,
			);
			path = ViewModels;
			sourceTree = "<group>";
		};
		E5BC7F082992F54F001E8308 /* Views */ = {
			isa = PBXGroup;
			children = (
				E5BC7F092992F679001E8308 /* DetailView.swift */,
				E595461F29936105002DC307 /* ChartView.swift */,
			);
			name = Views;
			path = /Users/saijannali/Documents/SwiftUI/Crypto/Crypto/Views;
			sourceTree = "<absolute>";
		};
/* End PBXGroup section */

/* Begin PBXNativeTarget section */
		E528B10B298E104700ADADD7 /* Crypto */ = {
			isa = PBXNativeTarget;
			buildConfigurationList = E528B11A298E104A00ADADD7 /* Build configuration list for PBXNativeTarget "Crypto" */;
			buildPhases = (
				E528B108298E104700ADADD7 /* Sources */,
				E528B109298E104700ADADD7 /* Frameworks */,
				E528B10A298E104700ADADD7 /* Resources */,
			);
			buildRules = (
			);
			dependencies = (
			);
			name = Crypto;
			productName = Crypto;
			productReference = E528B10C298E104700ADADD7 /* Crypto.app */;
			productType = "com.apple.product-type.application";
		};
/* End PBXNativeTarget section */

/* Begin PBXProject section */
		E528B104298E104700ADADD7 /* Project object */ = {
			isa = PBXProject;
			attributes = {
				BuildIndependentTargetsInParallel = 1;
				LastSwiftUpdateCheck = 1420;
				LastUpgradeCheck = 1420;
				TargetAttributes = {
					E528B10B298E104700ADADD7 = {
						CreatedOnToolsVersion = 14.2;
					};
				};
			};
			buildConfigurationList = E528B107298E104700ADADD7 /* Build configuration list for PBXProject "Crypto" */;
			compatibilityVersion = "Xcode 14.0";
			developmentRegion = en;
			hasScannedForEncodings = 0;
			knownRegions = (
				en,
				Base,
			);
			mainGroup = E528B103298E104700ADADD7;
			productRefGroup = E528B10D298E104700ADADD7 /* Products */;
			projectDirPath = "";
			projectRoot = "";
			targets = (
				E528B10B298E104700ADADD7 /* Crypto */,
			);
		};
/* End PBXProject section */

/* Begin PBXResourcesBuildPhase section */
		E528B10A298E104700ADADD7 /* Resources */ = {
			isa = PBXResourcesBuildPhase;
			buildActionMask = 2147483647;
			files = (
				E595462A299441B0002DC307 /* LaunchScreen.storyboard in Resources */,
				E528B117298E104A00ADADD7 /* Preview Assets.xcassets in Resources */,
				E528B114298E104A00ADADD7 /* Assets.xcassets in Resources */,
			);
			runOnlyForDeploymentPostprocessing = 0;
		};
/* End PBXResourcesBuildPhase section */

/* Begin PBXSourcesBuildPhase section */
		E528B108298E104700ADADD7 /* Sources */ = {
			isa = PBXSourcesBuildPhase;
			buildActionMask = 2147483647;
			files = (
				E53C1422299079840022E2B1 /* StatisticModel.swift in Sources */,
				E528B139298F2C2000ADADD7 /* CoinDataService.swift in Sources */,
				E5C28EC92991A9A3003D0008 /* CoinLogoView.swift in Sources */,
				E528B130298F118000ADADD7 /* CoinRowView.swift in Sources */,
				E528B136298F266300ADADD7 /* HomeViewModel.swift in Sources */,
				E5C28ECC2991D577003D0008 /* PortfolioContainer.xcdatamodeld in Sources */,
				E595462729942CD0002DC307 /* SettingsView.swift in Sources */,
				E528B145298F68CB00ADADD7 /* LocalFileManager.swift in Sources */,
				E5BC7F0C29930555001E8308 /* CoinDetailModel.swift in Sources */,
				E53C14282990C2640022E2B1 /* MarketDataModel.swift in Sources */,
				E528B125298E4DC500ADADD7 /* HomeView.swift in Sources */,
				E528B13F298F497600ADADD7 /* CoinImageView.swift in Sources */,
				E528B110298E104700ADADD7 /* CryptoApp.swift in Sources */,
				E528B149298F858300ADADD7 /* UIApplication.swift in Sources */,
				E5BC7F0A2992F679001E8308 /* DetailView.swift in Sources */,
				E5BC7F0E299307AD001E8308 /* DetailViewModel.swift in Sources */,
				E59546222993798D002DC307 /* Date.swift in Sources */,
				E53C142429907AE00022E2B1 /* StatisticsView.swift in Sources */,
				E528B129298E4EF900ADADD7 /* CircleButtonView.swift in Sources */,
				E528B11F298E154E00ADADD7 /* Color.swift in Sources */,
				E528B147298F80B000ADADD7 /* SearchBarView.swift in Sources */,
				E528B13C298F367F00ADADD7 /* NetworkingManager.swift in Sources */,
				E5C28ECE2991D5EE003D0008 /* PortfolioDataService.swift in Sources */,
				E53C1426299085E70022E2B1 /* HomeStatsView.swift in Sources */,
				E53C142A2990C6EA0022E2B1 /* MarketDataService.swift in Sources */,
				E528B12B298E61D200ADADD7 /* CircleButtonAnimationView.swift in Sources */,
				E528B143298F4C2D00ADADD7 /* CoinImageViewModel.swift in Sources */,
				E528B132298F11FE00ADADD7 /* PreviewProvider.swift in Sources */,
				E595462029936105002DC307 /* ChartView.swift in Sources */,
				E5BC7F052992EA39001E8308 /* HapticManager.swift in Sources */,
				E59546242994263F002DC307 /* String.swift in Sources */,
				E5C28EC529919352003D0008 /* PortfolioView.swift in Sources */,
				E5BC7F10299307F0001E8308 /* CoinDetailDataService.swift in Sources */,
				E528B134298F145F00ADADD7 /* Double.swift in Sources */,
				E528B141298F4ACB00ADADD7 /* CoinImageService.swift in Sources */,
				E528B12E298E684400ADADD7 /* CoinModel.swift in Sources */,
			);
			runOnlyForDeploymentPostprocessing = 0;
		};
/* End PBXSourcesBuildPhase section */

/* Begin XCBuildConfiguration section */
		E528B118298E104A00ADADD7 /* Debug */ = {
			isa = XCBuildConfiguration;
			buildSettings = {
				ALWAYS_SEARCH_USER_PATHS = NO;
				CLANG_ANALYZER_NONNULL = YES;
				CLANG_ANALYZER_NUMBER_OBJECT_CONVERSION = YES_AGGRESSIVE;
				CLANG_CXX_LANGUAGE_STANDARD = "gnu++20";
				CLANG_ENABLE_MODULES = YES;
				CLANG_ENABLE_OBJC_ARC = YES;
				CLANG_ENABLE_OBJC_WEAK = YES;
				CLANG_WARN_BLOCK_CAPTURE_AUTORELEASING = YES;
				CLANG_WARN_BOOL_CONVERSION = YES;
				CLANG_WARN_COMMA = YES;
				CLANG_WARN_CONSTANT_CONVERSION = YES;
				CLANG_WARN_DEPRECATED_OBJC_IMPLEMENTATIONS = YES;
				CLANG_WARN_DIRECT_OBJC_ISA_USAGE = YES_ERROR;
				CLANG_WARN_DOCUMENTATION_COMMENTS = YES;
				CLANG_WARN_EMPTY_BODY = YES;
				CLANG_WARN_ENUM_CONVERSION = YES;
				CLANG_WARN_INFINITE_RECURSION = YES;
				CLANG_WARN_INT_CONVERSION = YES;
				CLANG_WARN_NON_LITERAL_NULL_CONVERSION = YES;
				CLANG_WARN_OBJC_IMPLICIT_RETAIN_SELF = YES;
				CLANG_WARN_OBJC_LITERAL_CONVERSION = YES;
				CLANG_WARN_OBJC_ROOT_CLASS = YES_ERROR;
				CLANG_WARN_QUOTED_INCLUDE_IN_FRAMEWORK_HEADER = YES;
				CLANG_WARN_RANGE_LOOP_ANALYSIS = YES;
				CLANG_WARN_STRICT_PROTOTYPES = YES;
				CLANG_WARN_SUSPICIOUS_MOVE = YES;
				CLANG_WARN_UNGUARDED_AVAILABILITY = YES_AGGRESSIVE;
				CLANG_WARN_UNREACHABLE_CODE = YES;
				CLANG_WARN__DUPLICATE_METHOD_MATCH = YES;
				COPY_PHASE_STRIP = NO;
				DEBUG_INFORMATION_FORMAT = dwarf;
				ENABLE_STRICT_OBJC_MSGSEND = YES;
				ENABLE_TESTABILITY = YES;
				GCC_C_LANGUAGE_STANDARD = gnu11;
				GCC_DYNAMIC_NO_PIC = NO;
				GCC_NO_COMMON_BLOCKS = YES;
				GCC_OPTIMIZATION_LEVEL = 0;
				GCC_PREPROCESSOR_DEFINITIONS = (
					"DEBUG=1",
					"$(inherited)",
				);
				GCC_WARN_64_TO_32_BIT_CONVERSION = YES;
				GCC_WARN_ABOUT_RETURN_TYPE = YES_ERROR;
				GCC_WARN_UNDECLARED_SELECTOR = YES;
				GCC_WARN_UNINITIALIZED_AUTOS = YES_AGGRESSIVE;
				GCC_WARN_UNUSED_FUNCTION = YES;
				GCC_WARN_UNUSED_VARIABLE = YES;
				IPHONEOS_DEPLOYMENT_TARGET = 16.2;
				MTL_ENABLE_DEBUG_INFO = INCLUDE_SOURCE;
				MTL_FAST_MATH = YES;
				ONLY_ACTIVE_ARCH = YES;
				SDKROOT = iphoneos;
				SWIFT_ACTIVE_COMPILATION_CONDITIONS = DEBUG;
				SWIFT_OPTIMIZATION_LEVEL = "-Onone";
			};
			name = Debug;
		};
		E528B119298E104A00ADADD7 /* Release */ = {
			isa = XCBuildConfiguration;
			buildSettings = {
				ALWAYS_SEARCH_USER_PATHS = NO;
				CLANG_ANALYZER_NONNULL = YES;
				CLANG_ANALYZER_NUMBER_OBJECT_CONVERSION = YES_AGGRESSIVE;
				CLANG_CXX_LANGUAGE_STANDARD = "gnu++20";
				CLANG_ENABLE_MODULES = YES;
				CLANG_ENABLE_OBJC_ARC = YES;
				CLANG_ENABLE_OBJC_WEAK = YES;
				CLANG_WARN_BLOCK_CAPTURE_AUTORELEASING = YES;
				CLANG_WARN_BOOL_CONVERSION = YES;
				CLANG_WARN_COMMA = YES;
				CLANG_WARN_CONSTANT_CONVERSION = YES;
				CLANG_WARN_DEPRECATED_OBJC_IMPLEMENTATIONS = YES;
				CLANG_WARN_DIRECT_OBJC_ISA_USAGE = YES_ERROR;
				CLANG_WARN_DOCUMENTATION_COMMENTS = YES;
				CLANG_WARN_EMPTY_BODY = YES;
				CLANG_WARN_ENUM_CONVERSION = YES;
				CLANG_WARN_INFINITE_RECURSION = YES;
				CLANG_WARN_INT_CONVERSION = YES;
				CLANG_WARN_NON_LITERAL_NULL_CONVERSION = YES;
				CLANG_WARN_OBJC_IMPLICIT_RETAIN_SELF = YES;
				CLANG_WARN_OBJC_LITERAL_CONVERSION = YES;
				CLANG_WARN_OBJC_ROOT_CLASS = YES_ERROR;
				CLANG_WARN_QUOTED_INCLUDE_IN_FRAMEWORK_HEADER = YES;
				CLANG_WARN_RANGE_LOOP_ANALYSIS = YES;
				CLANG_WARN_STRICT_PROTOTYPES = YES;
				CLANG_WARN_SUSPICIOUS_MOVE = YES;
				CLANG_WARN_UNGUARDED_AVAILABILITY = YES_AGGRESSIVE;
				CLANG_WARN_UNREACHABLE_CODE = YES;
				CLANG_WARN__DUPLICATE_METHOD_MATCH = YES;
				COPY_PHASE_STRIP = NO;
				DEBUG_INFORMATION_FORMAT = "dwarf-with-dsym";
				ENABLE_NS_ASSERTIONS = NO;
				ENABLE_STRICT_OBJC_MSGSEND = YES;
				GCC_C_LANGUAGE_STANDARD = gnu11;
				GCC_NO_COMMON_BLOCKS = YES;
				GCC_WARN_64_TO_32_BIT_CONVERSION = YES;
				GCC_WARN_ABOUT_RETURN_TYPE = YES_ERROR;
				GCC_WARN_UNDECLARED_SELECTOR = YES;
				GCC_WARN_UNINITIALIZED_AUTOS = YES_AGGRESSIVE;
				GCC_WARN_UNUSED_FUNCTION = YES;
				GCC_WARN_UNUSED_VARIABLE = YES;
				IPHONEOS_DEPLOYMENT_TARGET = 16.2;
				MTL_ENABLE_DEBUG_INFO = NO;
				MTL_FAST_MATH = YES;
				SDKROOT = iphoneos;
				SWIFT_COMPILATION_MODE = wholemodule;
				SWIFT_OPTIMIZATION_LEVEL = "-O";
				VALIDATE_PRODUCT = YES;
			};
			name = Release;
		};
		E528B11B298E104A00ADADD7 /* Debug */ = {
			isa = XCBuildConfiguration;
			buildSettings = {
				ASSETCATALOG_COMPILER_APPICON_NAME = AppIcon;
				ASSETCATALOG_COMPILER_GLOBAL_ACCENT_COLOR_NAME = AccentColor;
				CODE_SIGN_STYLE = Automatic;
				CURRENT_PROJECT_VERSION = 1;
				DEVELOPMENT_ASSET_PATHS = "\"Crypto/Preview Content\"";
				DEVELOPMENT_TEAM = 7GAPHZUWX5;
				ENABLE_PREVIEWS = YES;
				GENERATE_INFOPLIST_FILE = YES;
				INFOPLIST_KEY_CFBundleDisplayName = "Crypto Tracker";
				INFOPLIST_KEY_UIApplicationSceneManifest_Generation = YES;
				INFOPLIST_KEY_UIApplicationSupportsIndirectInputEvents = YES;
				INFOPLIST_KEY_UILaunchScreen_Generation = YES;
				INFOPLIST_KEY_UILaunchStoryboardName = LaunchScreen.storyboard;
				INFOPLIST_KEY_UISupportedInterfaceOrientations = UIInterfaceOrientationPortrait;
				LD_RUNPATH_SEARCH_PATHS = (
					"$(inherited)",
					"@executable_path/Frameworks",
				);
				MARKETING_VERSION = 1.0;
				PRODUCT_BUNDLE_IDENTIFIER = com.saijannali.Crypto;
				PRODUCT_NAME = "$(TARGET_NAME)";
				SUPPORTED_PLATFORMS = "iphoneos iphonesimulator";
				SUPPORTS_MACCATALYST = NO;
				SUPPORTS_MAC_DESIGNED_FOR_IPHONE_IPAD = NO;
				SWIFT_EMIT_LOC_STRINGS = YES;
				SWIFT_VERSION = 5.0;
				TARGETED_DEVICE_FAMILY = "1,2";
			};
			name = Debug;
		};
		E528B11C298E104A00ADADD7 /* Release */ = {
			isa = XCBuildConfiguration;
			buildSettings = {
				ASSETCATALOG_COMPILER_APPICON_NAME = AppIcon;
				ASSETCATALOG_COMPILER_GLOBAL_ACCENT_COLOR_NAME = AccentColor;
				CODE_SIGN_STYLE = Automatic;
				CURRENT_PROJECT_VERSION = 1;
				DEVELOPMENT_ASSET_PATHS = "\"Crypto/Preview Content\"";
				DEVELOPMENT_TEAM = 7GAPHZUWX5;
				ENABLE_PREVIEWS = YES;
				GENERATE_INFOPLIST_FILE = YES;
				INFOPLIST_KEY_CFBundleDisplayName = "Crypto Tracker";
				INFOPLIST_KEY_UIApplicationSceneManifest_Generation = YES;
				INFOPLIST_KEY_UIApplicationSupportsIndirectInputEvents = YES;
				INFOPLIST_KEY_UILaunchScreen_Generation = YES;
				INFOPLIST_KEY_UILaunchStoryboardName = LaunchScreen.storyboard;
				INFOPLIST_KEY_UISupportedInterfaceOrientations = UIInterfaceOrientationPortrait;
				LD_RUNPATH_SEARCH_PATHS = (
					"$(inherited)",
					"@executable_path/Frameworks",
				);
				MARKETING_VERSION = 1.0;
				PRODUCT_BUNDLE_IDENTIFIER = com.saijannali.Crypto;
				PRODUCT_NAME = "$(TARGET_NAME)";
				SUPPORTED_PLATFORMS = "iphoneos iphonesimulator";
				SUPPORTS_MACCATALYST = NO;
				SUPPORTS_MAC_DESIGNED_FOR_IPHONE_IPAD = NO;
				SWIFT_EMIT_LOC_STRINGS = YES;
				SWIFT_VERSION = 5.0;
				TARGETED_DEVICE_FAMILY = "1,2";
			};
			name = Release;
		};
/* End XCBuildConfiguration section */

/* Begin XCConfigurationList section */
		E528B107298E104700ADADD7 /* Build configuration list for PBXProject "Crypto" */ = {
			isa = XCConfigurationList;
			buildConfigurations = (
				E528B118298E104A00ADADD7 /* Debug */,
				E528B119298E104A00ADADD7 /* Release */,
			);
			defaultConfigurationIsVisible = 0;
			defaultConfigurationName = Release;
		};
		E528B11A298E104A00ADADD7 /* Build configuration list for PBXNativeTarget "Crypto" */ = {
			isa = XCConfigurationList;
			buildConfigurations = (
				E528B11B298E104A00ADADD7 /* Debug */,
				E528B11C298E104A00ADADD7 /* Release */,
			);
			defaultConfigurationIsVisible = 0;
			defaultConfigurationName = Release;
		};
/* End XCConfigurationList section */

/* Begin XCVersionGroup section */
		E5C28ECA2991D577003D0008 /* PortfolioContainer.xcdatamodeld */ = {
			isa = XCVersionGroup;
			children = (
				E5C28ECB2991D577003D0008 /* PortfolioContainer.xcdatamodel */,
			);
			currentVersion = E5C28ECB2991D577003D0008 /* PortfolioContainer.xcdatamodel */;
			path = PortfolioContainer.xcdatamodeld;
			sourceTree = "<group>";
			versionGroupType = wrapper.xcdatamodel;
		};
/* End XCVersionGroup section */
	};
	rootObject = E528B104298E104700ADADD7 /* Project object */;
}
